
Microsoft Visual Studio Solution File, Format Version 12.00
# Visual Studio Version 16
VisualStudioVersion = 16.0.32126.315
MinimumVisualStudioVersion = 10.0.40219.1
Project("{FAE04EC0-301F-11D3-BF4B-00C04F79EFBC}") = "ProjectEulerSolutions", "ProjectEulerSolutions.csproj", "{B080DE93-5013-40BD-A844-B5D439FD127D}"
EndProject
Project("{FAE04EC0-301F-11D3-BF4B-00C04F79EFBC}") = "Common", "..\Common\Common.csproj", "{EC31F2B6-E008-41F5-B9F5-0C856E895C9E}"
EndProject
Global
	GlobalSection(SolutionConfigurationPlatforms) = preSolution
		Debug|Any CPU = Debug|Any CPU
		Release|Any CPU = Release|Any CPU
	EndGlobalSection
	GlobalSection(ProjectConfigurationPlatforms) = postSolution
		{B080DE93-5013-40BD-A844-B5D439FD127D}.Debug|Any CPU.ActiveCfg = Debug|Any CPU
		{B080DE93-5013-40BD-A844-B5D439FD127D}.Debug|Any CPU.Build.0 = Debug|Any CPU
		{B080DE93-5013-40BD-A844-B5D439FD127D}.Release|Any CPU.ActiveCfg = Release|Any CPU
		{B080DE93-5013-40BD-A844-B5D439FD127D}.Release|Any CPU.Build.0 = Release|Any CPU
		{EC31F2B6-E008-41F5-B9F5-0C856E895C9E}.Debug|Any CPU.ActiveCfg = Debug|Any CPU
		{EC31F2B6-E008-41F5-B9F5-0C856E895C9E}.Debug|Any CPU.Build.0 = Debug|Any CPU
		{EC31F2B6-E008-41F5-B9F5-0C856E895C9E}.Release|Any CPU.ActiveCfg = Release|Any CPU
		{EC31F2B6-E008-41F5-B9F5-0C856E895C9E}.Release|Any CPU.Build.0 = Release|Any CPU
	EndGlobalSection
	GlobalSection(SolutionProperties) = preSolution
		HideSolutionNode = FALSE
	EndGlobalSection
	GlobalSection(ExtensibilityGlobals) = postSolution
		SolutionGuid = {BF4C361A-C597-4AA8-AC1F-FA4027B5D170}
	EndGlobalSection
EndGlobal
